<?xml version="1.0" encoding="utf-8"?>
<Project ToolsVersion="4.0" xmlns="http://schemas.microsoft.com/developer/msbuild/2003">
  <ItemGroup>
    <Filter Include="Source Files">
      <UniqueIdentifier>{4FC737F1-C7A5-4376-A066-2A32D752A2FF}</UniqueIdentifier>
      <Extensions>cpp;c;cc;cxx;def;odl;idl;hpj;bat;asm;asmx</Extensions>
    </Filter>
    <Filter Include="Header Files">
      <UniqueIdentifier>{93995380-89BD-4b04-88EB-625FBE52EBFB}</UniqueIdentifier>
      <Extensions>h;hh;hpp;hxx;hm;inl;inc;xsd</Extensions>
    </Filter>
    <Filter Include="Resource Files">
      <UniqueIdentifier>{67DA6AB6-F800-4c08-8B7A-83BB121AAD01}</UniqueIdentifier>
      <Extensions>rc;ico;cur;bmp;dlg;rc2;rct;bin;rgs;gif;jpg;jpeg;jpe;resx;tiff;tif;png;wav;mfcribbon-ms</Extensions>
    </Filter>
    <Filter Include="Header Files\behaviours">
      <UniqueIdentifier>{f0cf05b6-8731-47f9-9209-0f0f59c1672f}</UniqueIdentifier>
    </Filter>
    <Filter Include="Source Files\behaviours">
      <UniqueIdentifier>{a30e4c14-7061-4333-ad58-766f26f1c472}</UniqueIdentifier>
    </Filter>
    <Filter Include="Header Files\actions">
      <UniqueIdentifier>{9b58d650-2abe-467f-9c9a-2556c3d35cf3}</UniqueIdentifier>
    </Filter>
    <Filter Include="Source Files\actions">
      <UniqueIdentifier>{50c0dd09-f34e-48c5-9e0f-79d262281fbe}</UniqueIdentifier>
    </Filter>
    <Filter Include="Resource Files\dependencies">
      <UniqueIdentifier>{b7f51920-09d2-479d-b592-cef6cb9ccd2a}</UniqueIdentifier>
    </Filter>
  </ItemGroup>
  <ItemGroup>
    <Text Include="ReadMe.txt" />
  </ItemGroup>
  <ItemGroup>
    <ClInclude Include="Decisions.h">
      <Filter>Header Files</Filter>
    </ClInclude>
    <ClInclude Include="FuzzyMemberTypes.h">
      <Filter>Header Files</Filter>
    </ClInclude>
    <ClInclude Include="GameObject.h">
      <Filter>Header Files</Filter>
    </ClInclude>
    <ClInclude Include="Agents.h">
      <Filter>Header Files</Filter>
    </ClInclude>
    <ClInclude Include="CompanionFollow.h">
      <Filter>Header Files\behaviours</Filter>
    </ClInclude>
    <ClInclude Include="CompanionAttack.h">
      <Filter>Header Files\behaviours</Filter>
    </ClInclude>
    <ClInclude Include="CompanionEvade.h">
      <Filter>Header Files\behaviours</Filter>
    </ClInclude>
    <ClInclude Include="Behaviour.h">
      <Filter>Header Files\behaviours</Filter>
    </ClInclude>
    <ClInclude Include="EnemyAttack.h">
      <Filter>Header Files\behaviours</Filter>
    </ClInclude>
    <ClInclude Include="EnemyFlee.h">
      <Filter>Header Files\behaviours</Filter>
    </ClInclude>
    <ClInclude Include="EnemySeek.h">
      <Filter>Header Files\behaviours</Filter>
    </ClInclude>
    <ClInclude Include="FuzzyMemberSets.h">
      <Filter>Header Files</Filter>
    </ClInclude>
    <ClInclude Include="PlayerAttack.h">
      <Filter>Header Files\behaviours</Filter>
    </ClInclude>
    <ClInclude Include="PlayerEvade.h">
      <Filter>Header Files\behaviours</Filter>
    </ClInclude>
    <ClInclude Include="PlayerWander.h">
      <Filter>Header Files\behaviours</Filter>
    </ClInclude>
    <ClInclude Include="SceneController.h">
      <Filter>Header Files</Filter>
    </ClInclude>
    <ClInclude Include="Action.h">
      <Filter>Header Files\actions</Filter>
    </ClInclude>
    <ClInclude Include="WanderAction.h">
      <Filter>Header Files\actions</Filter>
    </ClInclude>
    <ClInclude Include="FollowAction.h">
      <Filter>Header Files\actions</Filter>
    </ClInclude>
    <ClInclude Include="SeekAction.h">
      <Filter>Header Files\actions</Filter>
    </ClInclude>
    <ClInclude Include="EvadeAction.h">
      <Filter>Header Files\actions</Filter>
    </ClInclude>
    <ClInclude Include="FleeAction.h">
      <Filter>Header Files\actions</Filter>
    </ClInclude>
    <ClInclude Include="PursueAction.h">
      <Filter>Header Files\actions</Filter>
    </ClInclude>
    <ClInclude Include="AttackAction.h">
      <Filter>Header Files\actions</Filter>
    </ClInclude>
    <ClInclude Include="gl_core_4_4.h">
      <Filter>Resource Files\dependencies</Filter>
    </ClInclude>
    <ClInclude Include="imgui_glfw3.h">
      <Filter>Resource Files\dependencies</Filter>
    </ClInclude>
    <ClInclude Include="FuzzyStructs.h">
      <Filter>Header Files</Filter>
    </ClInclude>
  </ItemGroup>
  <ItemGroup>
    <ClCompile Include="Decisions.cpp">
      <Filter>Source Files</Filter>
    </ClCompile>
    <ClCompile Include="FuzzyMemberTypes.cpp">
      <Filter>Source Files</Filter>
    </ClCompile>
    <ClCompile Include="GameObject.cpp">
      <Filter>Source Files</Filter>
    </ClCompile>
    <ClCompile Include="Agents.cpp">
      <Filter>Source Files</Filter>
    </ClCompile>
    <ClCompile Include="Behaviour.cpp">
      <Filter>Source Files\behaviours</Filter>
    </ClCompile>
    <ClCompile Include="CompanionAttack.cpp">
      <Filter>Source Files\behaviours</Filter>
    </ClCompile>
    <ClCompile Include="CompanionEvade.cpp">
      <Filter>Source Files\behaviours</Filter>
    </ClCompile>
    <ClCompile Include="CompanionFollow.cpp">
      <Filter>Source Files\behaviours</Filter>
    </ClCompile>
    <ClCompile Include="EnemyAttack.cpp">
      <Filter>Source Files\behaviours</Filter>
    </ClCompile>
    <ClCompile Include="EnemyFlee.cpp">
      <Filter>Source Files\behaviours</Filter>
    </ClCompile>
    <ClCompile Include="EnemySeek.cpp">
      <Filter>Source Files\behaviours</Filter>
    </ClCompile>
    <ClCompile Include="FuzzyMemberSets.cpp">
      <Filter>Source Files</Filter>
    </ClCompile>
    <ClCompile Include="PlayerAttack.cpp">
      <Filter>Source Files\behaviours</Filter>
    </ClCompile>
    <ClCompile Include="PlayerEvade.cpp">
      <Filter>Source Files\behaviours</Filter>
    </ClCompile>
    <ClCompile Include="SceneController.cpp">
      <Filter>Source Files</Filter>
    </ClCompile>
    <ClCompile Include="Action.cpp">
      <Filter>Source Files\actions</Filter>
    </ClCompile>
    <ClCompile Include="FollowAction.cpp">
      <Filter>Source Files\actions</Filter>
    </ClCompile>
    <ClCompile Include="SeekAction.cpp">
      <Filter>Source Files\actions</Filter>
    </ClCompile>
    <ClCompile Include="EvadeAction.cpp">
      <Filter>Source Files\actions</Filter>
    </ClCompile>
    <ClCompile Include="FleeAction.cpp">
      <Filter>Source Files\actions</Filter>
    </ClCompile>
    <ClCompile Include="PursueAction.cpp">
      <Filter>Source Files\actions</Filter>
    </ClCompile>
    <ClCompile Include="AttackAction.cpp">
      <Filter>Source Files\actions</Filter>
    </ClCompile>
    <ClCompile Include="gl_core_4_4.c">
      <Filter>Resource Files\dependencies</Filter>
    </ClCompile>
    <ClCompile Include="imgui_glfw3.cpp">
      <Filter>Resource Files\dependencies</Filter>
    </ClCompile>
    <ClCompile Include="WanderAction.cpp">
      <Filter>Source Files\actions</Filter>
    </ClCompile>
    <ClCompile Include="PlayerWander.cpp">
      <Filter>Source Files\behaviours</Filter>
    </ClCompile>
  </ItemGroup>
</Project>